
Microsoft Visual Studio Solution File, Format Version 12.00
# Visual Studio 15
VisualStudioVersion = 15.0.26730.15
MinimumVisualStudioVersion = 10.0.40219.1
Project("{FAE04EC0-301F-11D3-BF4B-00C04F79EFBC}") = "Craftsminator", "Craftsminator\Craftsminator.csproj", "{95A52AA7-BC10-4F4D-B03A-C1B54DF1B009}"
EndProject
Project("{FAE04EC0-301F-11D3-BF4B-00C04F79EFBC}") = "Craftsminator.Tests", "Craftsminator.Tests\Craftsminator.Tests.csproj", "{E4FA70C9-D7CC-4C83-A79E-E62C49E9F2BF}"
EndProject
Global
	GlobalSection(SolutionConfigurationPlatforms) = preSolution
		Debug|Any CPU = Debug|Any CPU
		Release|Any CPU = Release|Any CPU
	EndGlobalSection
	GlobalSection(ProjectConfigurationPlatforms) = postSolution
		{95A52AA7-BC10-4F4D-B03A-C1B54DF1B009}.Debug|Any CPU.ActiveCfg = Debug|Any CPU
		{95A52AA7-BC10-4F4D-B03A-C1B54DF1B009}.Debug|Any CPU.Build.0 = Debug|Any CPU
		{95A52AA7-BC10-4F4D-B03A-C1B54DF1B009}.Release|Any CPU.ActiveCfg = Release|Any CPU
		{95A52AA7-BC10-4F4D-B03A-C1B54DF1B009}.Release|Any CPU.Build.0 = Release|Any CPU
		{E4FA70C9-D7CC-4C83-A79E-E62C49E9F2BF}.Debug|Any CPU.ActiveCfg = Debug|Any CPU
		{E4FA70C9-D7CC-4C83-A79E-E62C49E9F2BF}.Debug|Any CPU.Build.0 = Debug|Any CPU
		{E4FA70C9-D7CC-4C83-A79E-E62C49E9F2BF}.Release|Any CPU.ActiveCfg = Release|Any CPU
		{E4FA70C9-D7CC-4C83-A79E-E62C49E9F2BF}.Release|Any CPU.Build.0 = Release|Any CPU
	EndGlobalSection
	GlobalSection(SolutionProperties) = preSolution
		HideSolutionNode = FALSE
	EndGlobalSection
	GlobalSection(ExtensibilityGlobals) = postSolution
		SolutionGuid = {3B177822-66DC-4CF8-B484-980184A33F67}
	EndGlobalSection
EndGlobal
